
Microsoft Visual Studio Solution File, Format Version 12.00
# Visual Studio 15
VisualStudioVersion = 15.0.27130.2010
MinimumVisualStudioVersion = 10.0.40219.1
Project("{FAE04EC0-301F-11D3-BF4B-00C04F79EFBC}") = "CSharp7Refs", "CSharp7Refs\CSharp7Refs.csproj", "{42732B0D-1BCD-49C9-B76B-09821750B9F9}"
EndProject
Global
	GlobalSection(SolutionConfigurationPlatforms) = preSolution
		Debug|Any CPU = Debug|Any CPU
		Release|Any CPU = Release|Any CPU
	EndGlobalSection
	GlobalSection(ProjectConfigurationPlatforms) = postSolution
		{42732B0D-1BCD-49C9-B76B-09821750B9F9}.Debug|Any CPU.ActiveCfg = Debug|Any CPU
		{42732B0D-1BCD-49C9-B76B-09821750B9F9}.Debug|Any CPU.Build.0 = Debug|Any CPU
		{42732B0D-1BCD-49C9-B76B-09821750B9F9}.Release|Any CPU.ActiveCfg = Release|Any CPU
		{42732B0D-1BCD-49C9-B76B-09821750B9F9}.Release|Any CPU.Build.0 = Release|Any CPU
	EndGlobalSection
	GlobalSection(SolutionProperties) = preSolution
		HideSolutionNode = FALSE
	EndGlobalSection
	GlobalSection(ExtensibilityGlobals) = postSolution
		SolutionGuid = {EB948269-6BE9-42B3-AB4E-AF4A112E9035}
	EndGlobalSection
EndGlobal
